
Microsoft Visual Studio Solution File, Format Version 12.00
# Visual Studio Express 2013 for Web
VisualStudioVersion = 12.0.21005.1
MinimumVisualStudioVersion = 10.0.40219.1
Project("{FAE04EC0-301F-11D3-BF4B-00C04F79EFBC}") = "IrenaWeb", "IrenaWeb\IrenaWeb.csproj", "{2807B6A3-B3AE-49A4-B460-281921A9675F}"
EndProject
Project("{2150E333-8FDC-42A3-9474-1A3956D46DE8}") = ".nuget", ".nuget", "{4773363B-3B1D-4E41-8B78-EBDA5BD76E2C}"
	ProjectSection(SolutionItems) = preProject
		.nuget\NuGet.Config = .nuget\NuGet.Config
		.nuget\NuGet.exe = .nuget\NuGet.exe
		.nuget\NuGet.targets = .nuget\NuGet.targets
	EndProjectSection
EndProject
Project("{FAE04EC0-301F-11D3-BF4B-00C04F79EFBC}") = "IrenaWeb.Tests", "IrenaWeb.Tests\IrenaWeb.Tests.csproj", "{E41D70AB-2DEA-4ED0-8D84-969C48155CF5}"
EndProject
Global
	GlobalSection(SolutionConfigurationPlatforms) = preSolution
		Debug|Any CPU = Debug|Any CPU
		Release|Any CPU = Release|Any CPU
	EndGlobalSection
	GlobalSection(ProjectConfigurationPlatforms) = postSolution
		{2807B6A3-B3AE-49A4-B460-281921A9675F}.Debug|Any CPU.ActiveCfg = Debug|Any CPU
		{2807B6A3-B3AE-49A4-B460-281921A9675F}.Debug|Any CPU.Build.0 = Debug|Any CPU
		{2807B6A3-B3AE-49A4-B460-281921A9675F}.Release|Any CPU.ActiveCfg = Release|Any CPU
		{2807B6A3-B3AE-49A4-B460-281921A9675F}.Release|Any CPU.Build.0 = Release|Any CPU
		{E41D70AB-2DEA-4ED0-8D84-969C48155CF5}.Debug|Any CPU.ActiveCfg = Debug|Any CPU
		{E41D70AB-2DEA-4ED0-8D84-969C48155CF5}.Debug|Any CPU.Build.0 = Debug|Any CPU
		{E41D70AB-2DEA-4ED0-8D84-969C48155CF5}.Release|Any CPU.ActiveCfg = Release|Any CPU
		{E41D70AB-2DEA-4ED0-8D84-969C48155CF5}.Release|Any CPU.Build.0 = Release|Any CPU
	EndGlobalSection
	GlobalSection(SolutionProperties) = preSolution
		HideSolutionNode = FALSE
	EndGlobalSection
EndGlobal
